
Microsoft Visual Studio Solution File, Format Version 12.00
# Visual Studio Version 17
VisualStudioVersion = 17.1.32210.238
MinimumVisualStudioVersion = 10.0.40219.1
Project("{9A19103F-16F7-4668-BE54-9A1E7A4F7556}") = "ClientsCRUD", "ClientsCRUD.csproj", "{42E64786-DFA2-4A7A-AA80-EDC8A5E32E96}"
EndProject
Global
	GlobalSection(SolutionConfigurationPlatforms) = preSolution
		Debug|Any CPU = Debug|Any CPU
		Release|Any CPU = Release|Any CPU
	EndGlobalSection
	GlobalSection(ProjectConfigurationPlatforms) = postSolution
		{42E64786-DFA2-4A7A-AA80-EDC8A5E32E96}.Debug|Any CPU.ActiveCfg = Debug|Any CPU
		{42E64786-DFA2-4A7A-AA80-EDC8A5E32E96}.Debug|Any CPU.Build.0 = Debug|Any CPU
		{42E64786-DFA2-4A7A-AA80-EDC8A5E32E96}.Release|Any CPU.ActiveCfg = Release|Any CPU
		{42E64786-DFA2-4A7A-AA80-EDC8A5E32E96}.Release|Any CPU.Build.0 = Release|Any CPU
	EndGlobalSection
	GlobalSection(SolutionProperties) = preSolution
		HideSolutionNode = FALSE
	EndGlobalSection
	GlobalSection(ExtensibilityGlobals) = postSolution
		SolutionGuid = {4D2E9EC2-613C-4ADC-9D3E-2D0F16D2B6E3}
	EndGlobalSection
EndGlobal
